
Microsoft Visual Studio Solution File, Format Version 12.00
# Visual Studio Version 16
VisualStudioVersion = 16.0.29424.173
MinimumVisualStudioVersion = 10.0.40219.1
Project("{9A19103F-16F7-4668-BE54-9A1E7A4F7556}") = "BottomSheetXF", "BottomSheet\BottomSheetXF.csproj", "{BDFF235A-B77C-48C4-BE06-4A09A0CD2BAF}"
EndProject
Global
	GlobalSection(SolutionConfigurationPlatforms) = preSolution
		Debug|Any CPU = Debug|Any CPU
		Release|Any CPU = Release|Any CPU
	EndGlobalSection
	GlobalSection(ProjectConfigurationPlatforms) = postSolution
		{BDFF235A-B77C-48C4-BE06-4A09A0CD2BAF}.Debug|Any CPU.ActiveCfg = Debug|Any CPU
		{BDFF235A-B77C-48C4-BE06-4A09A0CD2BAF}.Debug|Any CPU.Build.0 = Debug|Any CPU
		{BDFF235A-B77C-48C4-BE06-4A09A0CD2BAF}.Release|Any CPU.ActiveCfg = Release|Any CPU
		{BDFF235A-B77C-48C4-BE06-4A09A0CD2BAF}.Release|Any CPU.Build.0 = Release|Any CPU
	EndGlobalSection
	GlobalSection(SolutionProperties) = preSolution
		HideSolutionNode = FALSE
	EndGlobalSection
	GlobalSection(ExtensibilityGlobals) = postSolution
		SolutionGuid = {95A27524-D076-4631-AD14-9336EE10A119}
	EndGlobalSection
EndGlobal
