
Microsoft Visual Studio Solution File, Format Version 12.00
# Visual Studio Version 16
VisualStudioVersion = 16.0.29424.173
MinimumVisualStudioVersion = 10.0.40219.1
Project("{FAE04EC0-301F-11D3-BF4B-00C04F79EFBC}") = "SampleBottomSheet.UWP", "SampleBottomSheet\SampleBottomSheet.UWP\SampleBottomSheet.UWP.csproj", "{E67C2434-AF16-4FAC-9452-3E265CD3901B}"
EndProject
Project("{FAE04EC0-301F-11D3-BF4B-00C04F79EFBC}") = "SampleBottomSheet.Android", "SampleBottomSheet\SampleBottomSheet.Android\SampleBottomSheet.Android.csproj", "{D7A62F93-EA54-4492-9F1E-C7B6047648DB}"
EndProject
Project("{FAE04EC0-301F-11D3-BF4B-00C04F79EFBC}") = "SampleBottomSheet.iOS", "SampleBottomSheet\SampleBottomSheet.iOS\SampleBottomSheet.iOS.csproj", "{21091DE0-7AE5-4D7A-9A69-17B4F25D5D50}"
EndProject
Project("{9A19103F-16F7-4668-BE54-9A1E7A4F7556}") = "SampleBottomSheet", "SampleBottomSheet\SampleBottomSheet\SampleBottomSheet.csproj", "{AA3CE078-1CCB-4068-86C3-783C07FD86D5}"
EndProject
Project("{9A19103F-16F7-4668-BE54-9A1E7A4F7556}") = "BottomSheetXF", "..\..\BottomSheet\BottomSheetXF.csproj", "{78FAA08D-9262-4889-A23F-73D11CF6C767}"
EndProject
Global
	GlobalSection(SolutionConfigurationPlatforms) = preSolution
		Debug|Any CPU = Debug|Any CPU
		Debug|ARM = Debug|ARM
		Debug|iPhone = Debug|iPhone
		Debug|iPhoneSimulator = Debug|iPhoneSimulator
		Debug|x64 = Debug|x64
		Debug|x86 = Debug|x86
		Release|Any CPU = Release|Any CPU
		Release|ARM = Release|ARM
		Release|iPhone = Release|iPhone
		Release|iPhoneSimulator = Release|iPhoneSimulator
		Release|x64 = Release|x64
		Release|x86 = Release|x86
	EndGlobalSection
	GlobalSection(ProjectConfigurationPlatforms) = postSolution
		{E67C2434-AF16-4FAC-9452-3E265CD3901B}.Debug|Any CPU.ActiveCfg = Debug|x86
		{E67C2434-AF16-4FAC-9452-3E265CD3901B}.Debug|Any CPU.Build.0 = Debug|x86
		{E67C2434-AF16-4FAC-9452-3E265CD3901B}.Debug|Any CPU.Deploy.0 = Debug|x86
		{E67C2434-AF16-4FAC-9452-3E265CD3901B}.Debug|ARM.ActiveCfg = Debug|ARM
		{E67C2434-AF16-4FAC-9452-3E265CD3901B}.Debug|ARM.Build.0 = Debug|ARM
		{E67C2434-AF16-4FAC-9452-3E265CD3901B}.Debug|ARM.Deploy.0 = Debug|ARM
		{E67C2434-AF16-4FAC-9452-3E265CD3901B}.Debug|iPhone.ActiveCfg = Debug|x86
		{E67C2434-AF16-4FAC-9452-3E265CD3901B}.Debug|iPhone.Build.0 = Debug|x86
		{E67C2434-AF16-4FAC-9452-3E265CD3901B}.Debug|iPhone.Deploy.0 = Debug|x86
		{E67C2434-AF16-4FAC-9452-3E265CD3901B}.Debug|iPhoneSimulator.ActiveCfg = Debug|x86
		{E67C2434-AF16-4FAC-9452-3E265CD3901B}.Debug|iPhoneSimulator.Build.0 = Debug|x86
		{E67C2434-AF16-4FAC-9452-3E265CD3901B}.Debug|iPhoneSimulator.Deploy.0 = Debug|x86
		{E67C2434-AF16-4FAC-9452-3E265CD3901B}.Debug|x64.ActiveCfg = Debug|x64
		{E67C2434-AF16-4FAC-9452-3E265CD3901B}.Debug|x64.Build.0 = Debug|x64
		{E67C2434-AF16-4FAC-9452-3E265CD3901B}.Debug|x64.Deploy.0 = Debug|x64
		{E67C2434-AF16-4FAC-9452-3E265CD3901B}.Debug|x86.ActiveCfg = Debug|x86
		{E67C2434-AF16-4FAC-9452-3E265CD3901B}.Debug|x86.Build.0 = Debug|x86
		{E67C2434-AF16-4FAC-9452-3E265CD3901B}.Debug|x86.Deploy.0 = Debug|x86
		{E67C2434-AF16-4FAC-9452-3E265CD3901B}.Release|Any CPU.ActiveCfg = Release|x86
		{E67C2434-AF16-4FAC-9452-3E265CD3901B}.Release|Any CPU.Build.0 = Release|x86
		{E67C2434-AF16-4FAC-9452-3E265CD3901B}.Release|Any CPU.Deploy.0 = Release|x86
		{E67C2434-AF16-4FAC-9452-3E265CD3901B}.Release|ARM.ActiveCfg = Release|ARM
		{E67C2434-AF16-4FAC-9452-3E265CD3901B}.Release|ARM.Build.0 = Release|ARM
		{E67C2434-AF16-4FAC-9452-3E265CD3901B}.Release|ARM.Deploy.0 = Release|ARM
		{E67C2434-AF16-4FAC-9452-3E265CD3901B}.Release|iPhone.ActiveCfg = Release|x86
		{E67C2434-AF16-4FAC-9452-3E265CD3901B}.Release|iPhone.Build.0 = Release|x86
		{E67C2434-AF16-4FAC-9452-3E265CD3901B}.Release|iPhone.Deploy.0 = Release|x86
		{E67C2434-AF16-4FAC-9452-3E265CD3901B}.Release|iPhoneSimulator.ActiveCfg = Release|x86
		{E67C2434-AF16-4FAC-9452-3E265CD3901B}.Release|iPhoneSimulator.Build.0 = Release|x86
		{E67C2434-AF16-4FAC-9452-3E265CD3901B}.Release|iPhoneSimulator.Deploy.0 = Release|x86
		{E67C2434-AF16-4FAC-9452-3E265CD3901B}.Release|x64.ActiveCfg = Release|x64
		{E67C2434-AF16-4FAC-9452-3E265CD3901B}.Release|x64.Build.0 = Release|x64
		{E67C2434-AF16-4FAC-9452-3E265CD3901B}.Release|x64.Deploy.0 = Release|x64
		{E67C2434-AF16-4FAC-9452-3E265CD3901B}.Release|x86.ActiveCfg = Release|x86
		{E67C2434-AF16-4FAC-9452-3E265CD3901B}.Release|x86.Build.0 = Release|x86
		{E67C2434-AF16-4FAC-9452-3E265CD3901B}.Release|x86.Deploy.0 = Release|x86
		{D7A62F93-EA54-4492-9F1E-C7B6047648DB}.Debug|Any CPU.ActiveCfg = Debug|Any CPU
		{D7A62F93-EA54-4492-9F1E-C7B6047648DB}.Debug|Any CPU.Build.0 = Debug|Any CPU
		{D7A62F93-EA54-4492-9F1E-C7B6047648DB}.Debug|Any CPU.Deploy.0 = Debug|Any CPU
		{D7A62F93-EA54-4492-9F1E-C7B6047648DB}.Debug|ARM.ActiveCfg = Debug|Any CPU
		{D7A62F93-EA54-4492-9F1E-C7B6047648DB}.Debug|ARM.Build.0 = Debug|Any CPU
		{D7A62F93-EA54-4492-9F1E-C7B6047648DB}.Debug|ARM.Deploy.0 = Debug|Any CPU
		{D7A62F93-EA54-4492-9F1E-C7B6047648DB}.Debug|iPhone.ActiveCfg = Debug|Any CPU
		{D7A62F93-EA54-4492-9F1E-C7B6047648DB}.Debug|iPhone.Build.0 = Debug|Any CPU
		{D7A62F93-EA54-4492-9F1E-C7B6047648DB}.Debug|iPhone.Deploy.0 = Debug|Any CPU
		{D7A62F93-EA54-4492-9F1E-C7B6047648DB}.Debug|iPhoneSimulator.ActiveCfg = Debug|Any CPU
		{D7A62F93-EA54-4492-9F1E-C7B6047648DB}.Debug|iPhoneSimulator.Build.0 = Debug|Any CPU
		{D7A62F93-EA54-4492-9F1E-C7B6047648DB}.Debug|iPhoneSimulator.Deploy.0 = Debug|Any CPU
		{D7A62F93-EA54-4492-9F1E-C7B6047648DB}.Debug|x64.ActiveCfg = Debug|Any CPU
		{D7A62F93-EA54-4492-9F1E-C7B6047648DB}.Debug|x64.Build.0 = Debug|Any CPU
		{D7A62F93-EA54-4492-9F1E-C7B6047648DB}.Debug|x64.Deploy.0 = Debug|Any CPU
		{D7A62F93-EA54-4492-9F1E-C7B6047648DB}.Debug|x86.ActiveCfg = Debug|Any CPU
		{D7A62F93-EA54-4492-9F1E-C7B6047648DB}.Debug|x86.Build.0 = Debug|Any CPU
		{D7A62F93-EA54-4492-9F1E-C7B6047648DB}.Debug|x86.Deploy.0 = Debug|Any CPU
		{D7A62F93-EA54-4492-9F1E-C7B6047648DB}.Release|Any CPU.ActiveCfg = Release|Any CPU
		{D7A62F93-EA54-4492-9F1E-C7B6047648DB}.Release|Any CPU.Build.0 = Release|Any CPU
		{D7A62F93-EA54-4492-9F1E-C7B6047648DB}.Release|Any CPU.Deploy.0 = Release|Any CPU
		{D7A62F93-EA54-4492-9F1E-C7B6047648DB}.Release|ARM.ActiveCfg = Release|Any CPU
		{D7A62F93-EA54-4492-9F1E-C7B6047648DB}.Release|ARM.Build.0 = Release|Any CPU
		{D7A62F93-EA54-4492-9F1E-C7B6047648DB}.Release|ARM.Deploy.0 = Release|Any CPU
		{D7A62F93-EA54-4492-9F1E-C7B6047648DB}.Release|iPhone.ActiveCfg = Release|Any CPU
		{D7A62F93-EA54-4492-9F1E-C7B6047648DB}.Release|iPhone.Build.0 = Release|Any CPU
		{D7A62F93-EA54-4492-9F1E-C7B6047648DB}.Release|iPhone.Deploy.0 = Release|Any CPU
		{D7A62F93-EA54-4492-9F1E-C7B6047648DB}.Release|iPhoneSimulator.ActiveCfg = Release|Any CPU
		{D7A62F93-EA54-4492-9F1E-C7B6047648DB}.Release|iPhoneSimulator.Build.0 = Release|Any CPU
		{D7A62F93-EA54-4492-9F1E-C7B6047648DB}.Release|iPhoneSimulator.Deploy.0 = Release|Any CPU
		{D7A62F93-EA54-4492-9F1E-C7B6047648DB}.Release|x64.ActiveCfg = Release|Any CPU
		{D7A62F93-EA54-4492-9F1E-C7B6047648DB}.Release|x64.Build.0 = Release|Any CPU
		{D7A62F93-EA54-4492-9F1E-C7B6047648DB}.Release|x64.Deploy.0 = Release|Any CPU
		{D7A62F93-EA54-4492-9F1E-C7B6047648DB}.Release|x86.ActiveCfg = Release|Any CPU
		{D7A62F93-EA54-4492-9F1E-C7B6047648DB}.Release|x86.Build.0 = Release|Any CPU
		{D7A62F93-EA54-4492-9F1E-C7B6047648DB}.Release|x86.Deploy.0 = Release|Any CPU
		{21091DE0-7AE5-4D7A-9A69-17B4F25D5D50}.Debug|Any CPU.ActiveCfg = Debug|iPhone
		{21091DE0-7AE5-4D7A-9A69-17B4F25D5D50}.Debug|Any CPU.Build.0 = Debug|iPhone
		{21091DE0-7AE5-4D7A-9A69-17B4F25D5D50}.Debug|Any CPU.Deploy.0 = Debug|iPhone
		{21091DE0-7AE5-4D7A-9A69-17B4F25D5D50}.Debug|ARM.ActiveCfg = Debug|iPhoneSimulator
		{21091DE0-7AE5-4D7A-9A69-17B4F25D5D50}.Debug|ARM.Build.0 = Debug|iPhoneSimulator
		{21091DE0-7AE5-4D7A-9A69-17B4F25D5D50}.Debug|ARM.Deploy.0 = Debug|iPhoneSimulator
		{21091DE0-7AE5-4D7A-9A69-17B4F25D5D50}.Debug|iPhone.ActiveCfg = Debug|iPhone
		{21091DE0-7AE5-4D7A-9A69-17B4F25D5D50}.Debug|iPhone.Build.0 = Debug|iPhone
		{21091DE0-7AE5-4D7A-9A69-17B4F25D5D50}.Debug|iPhone.Deploy.0 = Debug|iPhone
		{21091DE0-7AE5-4D7A-9A69-17B4F25D5D50}.Debug|iPhoneSimulator.ActiveCfg = Debug|iPhoneSimulator
		{21091DE0-7AE5-4D7A-9A69-17B4F25D5D50}.Debug|iPhoneSimulator.Build.0 = Debug|iPhoneSimulator
		{21091DE0-7AE5-4D7A-9A69-17B4F25D5D50}.Debug|iPhoneSimulator.Deploy.0 = Debug|iPhoneSimulator
		{21091DE0-7AE5-4D7A-9A69-17B4F25D5D50}.Debug|x64.ActiveCfg = Debug|iPhone
		{21091DE0-7AE5-4D7A-9A69-17B4F25D5D50}.Debug|x64.Build.0 = Debug|iPhone
		{21091DE0-7AE5-4D7A-9A69-17B4F25D5D50}.Debug|x64.Deploy.0 = Debug|iPhone
		{21091DE0-7AE5-4D7A-9A69-17B4F25D5D50}.Debug|x86.ActiveCfg = Debug|iPhone
		{21091DE0-7AE5-4D7A-9A69-17B4F25D5D50}.Debug|x86.Build.0 = Debug|iPhone
		{21091DE0-7AE5-4D7A-9A69-17B4F25D5D50}.Debug|x86.Deploy.0 = Debug|iPhone
		{21091DE0-7AE5-4D7A-9A69-17B4F25D5D50}.Release|Any CPU.ActiveCfg = Release|iPhone
		{21091DE0-7AE5-4D7A-9A69-17B4F25D5D50}.Release|Any CPU.Build.0 = Release|iPhone
		{21091DE0-7AE5-4D7A-9A69-17B4F25D5D50}.Release|Any CPU.Deploy.0 = Release|iPhone
		{21091DE0-7AE5-4D7A-9A69-17B4F25D5D50}.Release|ARM.ActiveCfg = Release|iPhone
		{21091DE0-7AE5-4D7A-9A69-17B4F25D5D50}.Release|ARM.Build.0 = Release|iPhone
		{21091DE0-7AE5-4D7A-9A69-17B4F25D5D50}.Release|ARM.Deploy.0 = Release|iPhone
		{21091DE0-7AE5-4D7A-9A69-17B4F25D5D50}.Release|iPhone.ActiveCfg = Release|iPhone
		{21091DE0-7AE5-4D7A-9A69-17B4F25D5D50}.Release|iPhone.Build.0 = Release|iPhone
		{21091DE0-7AE5-4D7A-9A69-17B4F25D5D50}.Release|iPhone.Deploy.0 = Release|iPhone
		{21091DE0-7AE5-4D7A-9A69-17B4F25D5D50}.Release|iPhoneSimulator.ActiveCfg = Release|iPhoneSimulator
		{21091DE0-7AE5-4D7A-9A69-17B4F25D5D50}.Release|iPhoneSimulator.Build.0 = Release|iPhoneSimulator
		{21091DE0-7AE5-4D7A-9A69-17B4F25D5D50}.Release|iPhoneSimulator.Deploy.0 = Release|iPhoneSimulator
		{21091DE0-7AE5-4D7A-9A69-17B4F25D5D50}.Release|x64.ActiveCfg = Release|iPhone
		{21091DE0-7AE5-4D7A-9A69-17B4F25D5D50}.Release|x64.Build.0 = Release|iPhone
		{21091DE0-7AE5-4D7A-9A69-17B4F25D5D50}.Release|x64.Deploy.0 = Release|iPhone
		{21091DE0-7AE5-4D7A-9A69-17B4F25D5D50}.Release|x86.ActiveCfg = Release|iPhone
		{21091DE0-7AE5-4D7A-9A69-17B4F25D5D50}.Release|x86.Build.0 = Release|iPhone
		{21091DE0-7AE5-4D7A-9A69-17B4F25D5D50}.Release|x86.Deploy.0 = Release|iPhone
		{AA3CE078-1CCB-4068-86C3-783C07FD86D5}.Debug|Any CPU.ActiveCfg = Debug|Any CPU
		{AA3CE078-1CCB-4068-86C3-783C07FD86D5}.Debug|Any CPU.Build.0 = Debug|Any CPU
		{AA3CE078-1CCB-4068-86C3-783C07FD86D5}.Debug|Any CPU.Deploy.0 = Debug|Any CPU
		{AA3CE078-1CCB-4068-86C3-783C07FD86D5}.Debug|ARM.ActiveCfg = Debug|Any CPU
		{AA3CE078-1CCB-4068-86C3-783C07FD86D5}.Debug|ARM.Build.0 = Debug|Any CPU
		{AA3CE078-1CCB-4068-86C3-783C07FD86D5}.Debug|ARM.Deploy.0 = Debug|Any CPU
		{AA3CE078-1CCB-4068-86C3-783C07FD86D5}.Debug|iPhone.ActiveCfg = Debug|Any CPU
		{AA3CE078-1CCB-4068-86C3-783C07FD86D5}.Debug|iPhone.Build.0 = Debug|Any CPU
		{AA3CE078-1CCB-4068-86C3-783C07FD86D5}.Debug|iPhone.Deploy.0 = Debug|Any CPU
		{AA3CE078-1CCB-4068-86C3-783C07FD86D5}.Debug|iPhoneSimulator.ActiveCfg = Debug|Any CPU
		{AA3CE078-1CCB-4068-86C3-783C07FD86D5}.Debug|iPhoneSimulator.Build.0 = Debug|Any CPU
		{AA3CE078-1CCB-4068-86C3-783C07FD86D5}.Debug|iPhoneSimulator.Deploy.0 = Debug|Any CPU
		{AA3CE078-1CCB-4068-86C3-783C07FD86D5}.Debug|x64.ActiveCfg = Debug|Any CPU
		{AA3CE078-1CCB-4068-86C3-783C07FD86D5}.Debug|x64.Build.0 = Debug|Any CPU
		{AA3CE078-1CCB-4068-86C3-783C07FD86D5}.Debug|x64.Deploy.0 = Debug|Any CPU
		{AA3CE078-1CCB-4068-86C3-783C07FD86D5}.Debug|x86.ActiveCfg = Debug|Any CPU
		{AA3CE078-1CCB-4068-86C3-783C07FD86D5}.Debug|x86.Build.0 = Debug|Any CPU
		{AA3CE078-1CCB-4068-86C3-783C07FD86D5}.Debug|x86.Deploy.0 = Debug|Any CPU
		{AA3CE078-1CCB-4068-86C3-783C07FD86D5}.Release|Any CPU.ActiveCfg = Release|Any CPU
		{AA3CE078-1CCB-4068-86C3-783C07FD86D5}.Release|Any CPU.Build.0 = Release|Any CPU
		{AA3CE078-1CCB-4068-86C3-783C07FD86D5}.Release|Any CPU.Deploy.0 = Release|Any CPU
		{AA3CE078-1CCB-4068-86C3-783C07FD86D5}.Release|ARM.ActiveCfg = Release|Any CPU
		{AA3CE078-1CCB-4068-86C3-783C07FD86D5}.Release|ARM.Build.0 = Release|Any CPU
		{AA3CE078-1CCB-4068-86C3-783C07FD86D5}.Release|ARM.Deploy.0 = Release|Any CPU
		{AA3CE078-1CCB-4068-86C3-783C07FD86D5}.Release|iPhone.ActiveCfg = Release|Any CPU
		{AA3CE078-1CCB-4068-86C3-783C07FD86D5}.Release|iPhone.Build.0 = Release|Any CPU
		{AA3CE078-1CCB-4068-86C3-783C07FD86D5}.Release|iPhone.Deploy.0 = Release|Any CPU
		{AA3CE078-1CCB-4068-86C3-783C07FD86D5}.Release|iPhoneSimulator.ActiveCfg = Release|Any CPU
		{AA3CE078-1CCB-4068-86C3-783C07FD86D5}.Release|iPhoneSimulator.Build.0 = Release|Any CPU
		{AA3CE078-1CCB-4068-86C3-783C07FD86D5}.Release|iPhoneSimulator.Deploy.0 = Release|Any CPU
		{AA3CE078-1CCB-4068-86C3-783C07FD86D5}.Release|x64.ActiveCfg = Release|Any CPU
		{AA3CE078-1CCB-4068-86C3-783C07FD86D5}.Release|x64.Build.0 = Release|Any CPU
		{AA3CE078-1CCB-4068-86C3-783C07FD86D5}.Release|x64.Deploy.0 = Release|Any CPU
		{AA3CE078-1CCB-4068-86C3-783C07FD86D5}.Release|x86.ActiveCfg = Release|Any CPU
		{AA3CE078-1CCB-4068-86C3-783C07FD86D5}.Release|x86.Build.0 = Release|Any CPU
		{AA3CE078-1CCB-4068-86C3-783C07FD86D5}.Release|x86.Deploy.0 = Release|Any CPU
		{78FAA08D-9262-4889-A23F-73D11CF6C767}.Debug|Any CPU.ActiveCfg = Debug|Any CPU
		{78FAA08D-9262-4889-A23F-73D11CF6C767}.Debug|Any CPU.Build.0 = Debug|Any CPU
		{78FAA08D-9262-4889-A23F-73D11CF6C767}.Debug|ARM.ActiveCfg = Debug|Any CPU
		{78FAA08D-9262-4889-A23F-73D11CF6C767}.Debug|ARM.Build.0 = Debug|Any CPU
		{78FAA08D-9262-4889-A23F-73D11CF6C767}.Debug|iPhone.ActiveCfg = Debug|Any CPU
		{78FAA08D-9262-4889-A23F-73D11CF6C767}.Debug|iPhone.Build.0 = Debug|Any CPU
		{78FAA08D-9262-4889-A23F-73D11CF6C767}.Debug|iPhoneSimulator.ActiveCfg = Debug|Any CPU
		{78FAA08D-9262-4889-A23F-73D11CF6C767}.Debug|iPhoneSimulator.Build.0 = Debug|Any CPU
		{78FAA08D-9262-4889-A23F-73D11CF6C767}.Debug|x64.ActiveCfg = Debug|Any CPU
		{78FAA08D-9262-4889-A23F-73D11CF6C767}.Debug|x64.Build.0 = Debug|Any CPU
		{78FAA08D-9262-4889-A23F-73D11CF6C767}.Debug|x86.ActiveCfg = Debug|Any CPU
		{78FAA08D-9262-4889-A23F-73D11CF6C767}.Debug|x86.Build.0 = Debug|Any CPU
		{78FAA08D-9262-4889-A23F-73D11CF6C767}.Release|Any CPU.ActiveCfg = Release|Any CPU
		{78FAA08D-9262-4889-A23F-73D11CF6C767}.Release|Any CPU.Build.0 = Release|Any CPU
		{78FAA08D-9262-4889-A23F-73D11CF6C767}.Release|ARM.ActiveCfg = Release|Any CPU
		{78FAA08D-9262-4889-A23F-73D11CF6C767}.Release|ARM.Build.0 = Release|Any CPU
		{78FAA08D-9262-4889-A23F-73D11CF6C767}.Release|iPhone.ActiveCfg = Release|Any CPU
		{78FAA08D-9262-4889-A23F-73D11CF6C767}.Release|iPhone.Build.0 = Release|Any CPU
		{78FAA08D-9262-4889-A23F-73D11CF6C767}.Release|iPhoneSimulator.ActiveCfg = Release|Any CPU
		{78FAA08D-9262-4889-A23F-73D11CF6C767}.Release|iPhoneSimulator.Build.0 = Release|Any CPU
		{78FAA08D-9262-4889-A23F-73D11CF6C767}.Release|x64.ActiveCfg = Release|Any CPU
		{78FAA08D-9262-4889-A23F-73D11CF6C767}.Release|x64.Build.0 = Release|Any CPU
		{78FAA08D-9262-4889-A23F-73D11CF6C767}.Release|x86.ActiveCfg = Release|Any CPU
		{78FAA08D-9262-4889-A23F-73D11CF6C767}.Release|x86.Build.0 = Release|Any CPU
	EndGlobalSection
	GlobalSection(SolutionProperties) = preSolution
		HideSolutionNode = FALSE
	EndGlobalSection
	GlobalSection(ExtensibilityGlobals) = postSolution
		SolutionGuid = {B07158F7-B43B-47F2-86C7-2506FA0895BD}
	EndGlobalSection
EndGlobal
